{
    "name": "inzu",
    "version": "2.0.0",
    "lockfileVersion": 1,
    "requires": true,
    "dependencies": {
        "gulp-rename": {
            "version": "1.4.0",
            "resolved": "https://registry.npmjs.org/gulp-rename/-/gulp-rename-1.4.0.tgz",
            "integrity": "sha512-swzbIGb/arEoFK89tPY58vg3Ok1bw+d35PfUNwWqdo7KM4jkmuGA78JiDNqR+JeZFaeeHnRg9N7aihX3YPmsyg=="
        },
        "object-assign": {
            "version": "4.1.1",
            "resolved": "https://registry.npmjs.org/object-assign/-/object-assign-4.1.1.tgz",
            "integrity": "sha1-IQmtx5ZYh8/AXLvUQsrIv7s2CGM="
        },
        "storm-adaptive-background": {
            "version": "0.3.0",
            "resolved": "https://registry.npmjs.org/storm-adaptive-background/-/storm-adaptive-background-0.3.0.tgz",
            "integrity": "sha1-RgpmkMjGIKD2OtIv0TuEVCk8qGI=",
            "requires": {
                "gulp-rename": "^1.2.2",
                "object-assign": "^4.0.1"
            }
        }
    }
}
